
Microsoft Visual Studio Solution File, Format Version 12.00
# Visual Studio 15
VisualStudioVersion = 15.0.27130.2026
MinimumVisualStudioVersion = 10.0.40219.1
Project("{FAE04EC0-301F-11D3-BF4B-00C04F79EFBC}") = "MultiRept", "MultiRept\MultiRept.csproj", "{34583E31-C75F-4E58-8403-1F8CDFACD179}"
EndProject
Project("{FAE04EC0-301F-11D3-BF4B-00C04F79EFBC}") = "MultiReptTests", "MultiReptTests\MultiReptTests.csproj", "{2DB7342A-A33C-4D81-820A-B042CE07DC6E}"
EndProject
Global
	GlobalSection(SolutionConfigurationPlatforms) = preSolution
		Debug|Any CPU = Debug|Any CPU
		Release|Any CPU = Release|Any CPU
	EndGlobalSection
	GlobalSection(ProjectConfigurationPlatforms) = postSolution
		{34583E31-C75F-4E58-8403-1F8CDFACD179}.Debug|Any CPU.ActiveCfg = Debug|Any CPU
		{34583E31-C75F-4E58-8403-1F8CDFACD179}.Debug|Any CPU.Build.0 = Debug|Any CPU
		{34583E31-C75F-4E58-8403-1F8CDFACD179}.Release|Any CPU.ActiveCfg = Release|Any CPU
		{34583E31-C75F-4E58-8403-1F8CDFACD179}.Release|Any CPU.Build.0 = Release|Any CPU
		{2DB7342A-A33C-4D81-820A-B042CE07DC6E}.Debug|Any CPU.ActiveCfg = Debug|Any CPU
		{2DB7342A-A33C-4D81-820A-B042CE07DC6E}.Debug|Any CPU.Build.0 = Debug|Any CPU
		{2DB7342A-A33C-4D81-820A-B042CE07DC6E}.Release|Any CPU.ActiveCfg = Release|Any CPU
		{2DB7342A-A33C-4D81-820A-B042CE07DC6E}.Release|Any CPU.Build.0 = Release|Any CPU
	EndGlobalSection
	GlobalSection(SolutionProperties) = preSolution
		HideSolutionNode = FALSE
	EndGlobalSection
	GlobalSection(ExtensibilityGlobals) = postSolution
		SolutionGuid = {B4405CC0-F619-4748-97C5-4B8C4CAEC9E7}
	EndGlobalSection
EndGlobal
